
Microsoft Visual Studio Solution File, Format Version 12.00
# Visual Studio 15
VisualStudioVersion = 15.0.28010.2016
MinimumVisualStudioVersion = 10.0.40219.1
Project("{FAE04EC0-301F-11D3-BF4B-00C04F79EFBC}") = "WebApplication1", "WebApplication1\WebApplication1.csproj", "{4DD262AF-863B-457F-B305-4DE7BC5224BF}"
EndProject
Global
	GlobalSection(SolutionConfigurationPlatforms) = preSolution
		Debug|Any CPU = Debug|Any CPU
		Release|Any CPU = Release|Any CPU
	EndGlobalSection
	GlobalSection(ProjectConfigurationPlatforms) = postSolution
		{4DD262AF-863B-457F-B305-4DE7BC5224BF}.Debug|Any CPU.ActiveCfg = Debug|Any CPU
		{4DD262AF-863B-457F-B305-4DE7BC5224BF}.Debug|Any CPU.Build.0 = Debug|Any CPU
		{4DD262AF-863B-457F-B305-4DE7BC5224BF}.Release|Any CPU.ActiveCfg = Release|Any CPU
		{4DD262AF-863B-457F-B305-4DE7BC5224BF}.Release|Any CPU.Build.0 = Release|Any CPU
	EndGlobalSection
	GlobalSection(SolutionProperties) = preSolution
		HideSolutionNode = FALSE
	EndGlobalSection
	GlobalSection(ExtensibilityGlobals) = postSolution
		SolutionGuid = {072CB35B-8B1C-46F0-B50C-667BFCF0F19C}
	EndGlobalSection
EndGlobal
